// !$*UTF8*$!
{
	archiveVersion = 1;
	classes = {
	};
	objectVersion = 50;
	objects = {

/* Begin PBXBuildFile section */
		6DBB9C63AD3A63EB62595F83 /* Pods_TwitterSentimentAnalysis.framework in Frameworks */ = {isa = PBXBuildFile; fileRef = 30C183DF172B1C6818D66884 /* Pods_TwitterSentimentAnalysis.framework */; };
		B53344CF224CC5A500A40AFD /* TweetSentimentClassifier.mlmodel in Sources */ = {isa = PBXBuildFile; fileRef = B53344CE224CC5A500A40AFD /* TweetSentimentClassifier.mlmodel */; };
		B53344E8224CD92C00A40AFD /* APIKey.plist in Resources */ = {isa = PBXBuildFile; fileRef = B53344E7224CD92C00A40AFD /* APIKey.plist */; };
		B55F76B3224FFD18007DDA8A /* SwifteriOS.framework in Frameworks */ = {isa = PBXBuildFile; fileRef = B55F76AC224FFCFA007DDA8A /* SwifteriOS.framework */; };
		B55F76B4224FFD18007DDA8A /* SwifteriOS.framework in Embed Frameworks */ = {isa = PBXBuildFile; fileRef = B55F76AC224FFCFA007DDA8A /* SwifteriOS.framework */; settings = {ATTRIBUTES = (CodeSignOnCopy, RemoveHeadersOnCopy, ); }; };
		B5969206224BDE8A0023BAA6 /* AppDelegate.swift in Sources */ = {isa = PBXBuildFile; fileRef = B5969205224BDE8A0023BAA6 /* AppDelegate.swift */; };
		B5969208224BDE8A0023BAA6 /* ViewController.swift in Sources */ = {isa = PBXBuildFile; fileRef = B5969207224BDE8A0023BAA6 /* ViewController.swift */; };
		B596920B224BDE8A0023BAA6 /* Main.storyboard in Resources */ = {isa = PBXBuildFile; fileRef = B5969209224BDE8A0023BAA6 /* Main.storyboard */; };
		B596920D224BDE8C0023BAA6 /* Assets.xcassets in Resources */ = {isa = PBXBuildFile; fileRef = B596920C224BDE8C0023BAA6 /* Assets.xcassets */; };
		B5969210224BDE8C0023BAA6 /* LaunchScreen.storyboard in Resources */ = {isa = PBXBuildFile; fileRef = B596920E224BDE8C0023BAA6 /* LaunchScreen.storyboard */; };
/* End PBXBuildFile section */

/* Begin PBXContainerItemProxy section */
		B55F76A9224FFCFA007DDA8A /* PBXContainerItemProxy */ = {
			isa = PBXContainerItemProxy;
			containerPortal = B55F76A1224FFCFA007DDA8A /* Swifter.xcodeproj */;
			proxyType = 2;
			remoteGlobalIDString = 8B300C1F1944AA1A00993175;
			remoteInfo = SwifterDemoiOS;
		};
		B55F76AB224FFCFA007DDA8A /* PBXContainerItemProxy */ = {
			isa = PBXContainerItemProxy;
			containerPortal = B55F76A1224FFCFA007DDA8A /* Swifter.xcodeproj */;
			proxyType = 2;
			remoteGlobalIDString = 8B9F50EE1944A5AB00894629;
			remoteInfo = SwifteriOS;
		};
		B55F76AD224FFCFA007DDA8A /* PBXContainerItemProxy */ = {
			isa = PBXContainerItemProxy;
			containerPortal = B55F76A1224FFCFA007DDA8A /* Swifter.xcodeproj */;
			proxyType = 2;
			remoteGlobalIDString = 8B9F51131944A61D00894629;
			remoteInfo = SwifterMac;
		};
		B55F76AF224FFCFA007DDA8A /* PBXContainerItemProxy */ = {
			isa = PBXContainerItemProxy;
			containerPortal = B55F76A1224FFCFA007DDA8A /* Swifter.xcodeproj */;
			proxyType = 2;
			remoteGlobalIDString = 8B300C471944AECB00993175;
			remoteInfo = SwifterDemoMac;
		};
		B55F76B1224FFCFA007DDA8A /* PBXContainerItemProxy */ = {
			isa = PBXContainerItemProxy;
			containerPortal = B55F76A1224FFCFA007DDA8A /* Swifter.xcodeproj */;
			proxyType = 2;
			remoteGlobalIDString = F6B4D5751C7BAC4500E06514;
			remoteInfo = SwifterTests;
		};
		B55F76B5224FFD18007DDA8A /* PBXContainerItemProxy */ = {
			isa = PBXContainerItemProxy;
			containerPortal = B55F76A1224FFCFA007DDA8A /* Swifter.xcodeproj */;
			proxyType = 1;
			remoteGlobalIDString = 8B9F50ED1944A5AB00894629;
			remoteInfo = SwifteriOS;
		};
/* End PBXContainerItemProxy section */

/* Begin PBXCopyFilesBuildPhase section */
		B53344E6224CD02B00A40AFD /* Embed Frameworks */ = {
			isa = PBXCopyFilesBuildPhase;
			buildActionMask = 2147483647;
			dstPath = "";
			dstSubfolderSpec = 10;
			files = (
				B55F76B4224FFD18007DDA8A /* SwifteriOS.framework in Embed Frameworks */,
			);
			name = "Embed Frameworks";
			runOnlyForDeploymentPostprocessing = 0;
		};
/* End PBXCopyFilesBuildPhase section */

/* Begin PBXFileReference section */
		1751D58B62734C56FF1F8FD3 /* Pods-TwitterSentimentAnalysis.debug.xcconfig */ = {isa = PBXFileReference; includeInIndex = 1; lastKnownFileType = text.xcconfig; name = "Pods-TwitterSentimentAnalysis.debug.xcconfig"; path = "Target Support Files/Pods-TwitterSentimentAnalysis/Pods-TwitterSentimentAnalysis.debug.xcconfig"; sourceTree = "<group>"; };
		30C183DF172B1C6818D66884 /* Pods_TwitterSentimentAnalysis.framework */ = {isa = PBXFileReference; explicitFileType = wrapper.framework; includeInIndex = 0; path = Pods_TwitterSentimentAnalysis.framework; sourceTree = BUILT_PRODUCTS_DIR; };
		B53344CE224CC5A500A40AFD /* TweetSentimentClassifier.mlmodel */ = {isa = PBXFileReference; lastKnownFileType = file.mlmodel; path = TweetSentimentClassifier.mlmodel; sourceTree = "<group>"; };
		B53344E7224CD92C00A40AFD /* APIKey.plist */ = {isa = PBXFileReference; lastKnownFileType = text.plist.xml; path = APIKey.plist; sourceTree = "<group>"; };
		B55F76A1224FFCFA007DDA8A /* Swifter.xcodeproj */ = {isa = PBXFileReference; lastKnownFileType = "wrapper.pb-project"; name = Swifter.xcodeproj; path = ../Swifter/Swifter.xcodeproj; sourceTree = "<group>"; };
		B5969202224BDE8A0023BAA6 /* TwitterSentimentAnalysis.app */ = {isa = PBXFileReference; explicitFileType = wrapper.application; includeInIndex = 0; path = TwitterSentimentAnalysis.app; sourceTree = BUILT_PRODUCTS_DIR; };
		B5969205224BDE8A0023BAA6 /* AppDelegate.swift */ = {isa = PBXFileReference; lastKnownFileType = sourcecode.swift; path = AppDelegate.swift; sourceTree = "<group>"; };
		B5969207224BDE8A0023BAA6 /* ViewController.swift */ = {isa = PBXFileReference; lastKnownFileType = sourcecode.swift; path = ViewController.swift; sourceTree = "<group>"; };
		B596920A224BDE8A0023BAA6 /* Base */ = {isa = PBXFileReference; lastKnownFileType = file.storyboard; name = Base; path = Base.lproj/Main.storyboard; sourceTree = "<group>"; };
		B596920C224BDE8C0023BAA6 /* Assets.xcassets */ = {isa = PBXFileReference; lastKnownFileType = folder.assetcatalog; path = Assets.xcassets; sourceTree = "<group>"; };
		B596920F224BDE8C0023BAA6 /* Base */ = {isa = PBXFileReference; lastKnownFileType = file.storyboard; name = Base; path = Base.lproj/LaunchScreen.storyboard; sourceTree = "<group>"; };
		B5969211224BDE8C0023BAA6 /* Info.plist */ = {isa = PBXFileReference; lastKnownFileType = text.plist.xml; path = Info.plist; sourceTree = "<group>"; };
		CC17AEEE6B088EF832174990 /* Pods-TwitterSentimentAnalysis.release.xcconfig */ = {isa = PBXFileReference; includeInIndex = 1; lastKnownFileType = text.xcconfig; name = "Pods-TwitterSentimentAnalysis.release.xcconfig"; path = "Target Support Files/Pods-TwitterSentimentAnalysis/Pods-TwitterSentimentAnalysis.release.xcconfig"; sourceTree = "<group>"; };
/* End PBXFileReference section */

/* Begin PBXFrameworksBuildPhase section */
		B59691FF224BDE8A0023BAA6 /* Frameworks */ = {
			isa = PBXFrameworksBuildPhase;
			buildActionMask = 2147483647;
			files = (
				6DBB9C63AD3A63EB62595F83 /* Pods_TwitterSentimentAnalysis.framework in Frameworks */,
				B55F76B3224FFD18007DDA8A /* SwifteriOS.framework in Frameworks */,
			);
			runOnlyForDeploymentPostprocessing = 0;
		};
/* End PBXFrameworksBuildPhase section */

/* Begin PBXGroup section */
		B55F76A2224FFCFA007DDA8A /* Products */ = {
			isa = PBXGroup;
			children = (
				B55F76AA224FFCFA007DDA8A /* SwifterDemoiOS.app */,
				B55F76AC224FFCFA007DDA8A /* SwifteriOS.framework */,
				B55F76AE224FFCFA007DDA8A /* SwifterMac.framework */,
				B55F76B0224FFCFA007DDA8A /* SwifterDemoMac.app */,
				B55F76B2224FFCFA007DDA8A /* SwifterTests.xctest */,
			);
			name = Products;
			sourceTree = "<group>";
		};
		B59691F9224BDE890023BAA6 = {
			isa = PBXGroup;
			children = (
				B55F76A1224FFCFA007DDA8A /* Swifter.xcodeproj */,
				B5969204224BDE8A0023BAA6 /* TwitterSentimentAnalysis */,
				B5969203224BDE8A0023BAA6 /* Products */,
				D54C35C5E3F1A6736A594BD8 /* Pods */,
				BEAE1C6899EFBC5847AEC313 /* Frameworks */,
			);
			sourceTree = "<group>";
		};
		B5969203224BDE8A0023BAA6 /* Products */ = {
			isa = PBXGroup;
			children = (
				B5969202224BDE8A0023BAA6 /* TwitterSentimentAnalysis.app */,
			);
			name = Products;
			sourceTree = "<group>";
		};
		B5969204224BDE8A0023BAA6 /* TwitterSentimentAnalysis */ = {
			isa = PBXGroup;
			children = (
				B53344CE224CC5A500A40AFD /* TweetSentimentClassifier.mlmodel */,
				B5969205224BDE8A0023BAA6 /* AppDelegate.swift */,
				B5969207224BDE8A0023BAA6 /* ViewController.swift */,
				B5969209224BDE8A0023BAA6 /* Main.storyboard */,
				B596920C224BDE8C0023BAA6 /* Assets.xcassets */,
				B596920E224BDE8C0023BAA6 /* LaunchScreen.storyboard */,
				B5969211224BDE8C0023BAA6 /* Info.plist */,
				B53344E7224CD92C00A40AFD /* APIKey.plist */,
			);
			path = TwitterSentimentAnalysis;
			sourceTree = "<group>";
		};
		BEAE1C6899EFBC5847AEC313 /* Frameworks */ = {
			isa = PBXGroup;
			children = (
				30C183DF172B1C6818D66884 /* Pods_TwitterSentimentAnalysis.framework */,
			);
			name = Frameworks;
			sourceTree = "<group>";
		};
		D54C35C5E3F1A6736A594BD8 /* Pods */ = {
			isa = PBXGroup;
			children = (
				1751D58B62734C56FF1F8FD3 /* Pods-TwitterSentimentAnalysis.debug.xcconfig */,
				CC17AEEE6B088EF832174990 /* Pods-TwitterSentimentAnalysis.release.xcconfig */,
			);
			path = Pods;
			sourceTree = "<group>";
		};
/* End PBXGroup section */

/* Begin PBXNativeTarget section */
		B5969201224BDE8A0023BAA6 /* TwitterSentimentAnalysis */ = {
			isa = PBXNativeTarget;
			buildConfigurationList = B5969214224BDE8C0023BAA6 /* Build configuration list for PBXNativeTarget "TwitterSentimentAnalysis" */;
			buildPhases = (
				26D1DB4D21380166F2F2900D /* [CP] Check Pods Manifest.lock */,
				B59691FE224BDE8A0023BAA6 /* Sources */,
				B59691FF224BDE8A0023BAA6 /* Frameworks */,
				B5969200224BDE8A0023BAA6 /* Resources */,
				B53344E6224CD02B00A40AFD /* Embed Frameworks */,
				3FCB563317DAAA7808B18932 /* [CP] Embed Pods Frameworks */,
			);
			buildRules = (
			);
			dependencies = (
				B55F76B6224FFD18007DDA8A /* PBXTargetDependency */,
			);
			name = TwitterSentimentAnalysis;
			productName = TwitterSentimentAnalysis;
			productReference = B5969202224BDE8A0023BAA6 /* TwitterSentimentAnalysis.app */;
			productType = "com.apple.product-type.application";
		};
/* End PBXNativeTarget section */

/* Begin PBXProject section */
		B59691FA224BDE890023BAA6 /* Project object */ = {
			isa = PBXProject;
			attributes = {
				LastSwiftUpdateCheck = 1020;
				LastUpgradeCheck = 1020;
				ORGANIZATIONNAME = Konstantin;
				TargetAttributes = {
					B5969201224BDE8A0023BAA6 = {
						CreatedOnToolsVersion = 10.2;
					};
				};
			};
			buildConfigurationList = B59691FD224BDE890023BAA6 /* Build configuration list for PBXProject "TwitterSentimentAnalysis" */;
			compatibilityVersion = "Xcode 9.3";
			developmentRegion = en;
			hasScannedForEncodings = 0;
			knownRegions = (
				en,
				Base,
			);
			mainGroup = B59691F9224BDE890023BAA6;
			productRefGroup = B5969203224BDE8A0023BAA6 /* Products */;
			projectDirPath = "";
			projectReferences = (
				{
					ProductGroup = B55F76A2224FFCFA007DDA8A /* Products */;
					ProjectRef = B55F76A1224FFCFA007DDA8A /* Swifter.xcodeproj */;
				},
			);
			projectRoot = "";
			targets = (
				B5969201224BDE8A0023BAA6 /* TwitterSentimentAnalysis */,
			);
		};
/* End PBXProject section */

/* Begin PBXReferenceProxy section */
		B55F76AA224FFCFA007DDA8A /* SwifterDemoiOS.app */ = {
			isa = PBXReferenceProxy;
			fileType = wrapper.application;
			path = SwifterDemoiOS.app;
			remoteRef = B55F76A9224FFCFA007DDA8A /* PBXContainerItemProxy */;
			sourceTree = BUILT_PRODUCTS_DIR;
		};
		B55F76AC224FFCFA007DDA8A /* SwifteriOS.framework */ = {
			isa = PBXReferenceProxy;
			fileType = wrapper.framework;
			path = SwifteriOS.framework;
			remoteRef = B55F76AB224FFCFA007DDA8A /* PBXContainerItemProxy */;
			sourceTree = BUILT_PRODUCTS_DIR;
		};
		B55F76AE224FFCFA007DDA8A /* SwifterMac.framework */ = {
			isa = PBXReferenceProxy;
			fileType = wrapper.framework;
			path = SwifterMac.framework;
			remoteRef = B55F76AD224FFCFA007DDA8A /* PBXContainerItemProxy */;
			sourceTree = BUILT_PRODUCTS_DIR;
		};
		B55F76B0224FFCFA007DDA8A /* SwifterDemoMac.app */ = {
			isa = PBXReferenceProxy;
			fileType = wrapper.application;
			path = SwifterDemoMac.app;
			remoteRef = B55F76AF224FFCFA007DDA8A /* PBXContainerItemProxy */;
			sourceTree = BUILT_PRODUCTS_DIR;
		};
		B55F76B2224FFCFA007DDA8A /* SwifterTests.xctest */ = {
			isa = PBXReferenceProxy;
			fileType = wrapper.cfbundle;
			path = SwifterTests.xctest;
			remoteRef = B55F76B1224FFCFA007DDA8A /* PBXContainerItemProxy */;
			sourceTree = BUILT_PRODUCTS_DIR;
		};
/* End PBXReferenceProxy section */

/* Begin PBXResourcesBuildPhase section */
		B5969200224BDE8A0023BAA6 /* Resources */ = {
			isa = PBXResourcesBuildPhase;
			buildActionMask = 2147483647;
			files = (
				B5969210224BDE8C0023BAA6 /* LaunchScreen.storyboard in Resources */,
				B53344E8224CD92C00A40AFD /* APIKey.plist in Resources */,
				B596920D224BDE8C0023BAA6 /* Assets.xcassets in Resources */,
				B596920B224BDE8A0023BAA6 /* Main.storyboard in Resources */,
			);
			runOnlyForDeploymentPostprocessing = 0;
		};
/* End PBXResourcesBuildPhase section */

/* Begin PBXShellScriptBuildPhase section */
		26D1DB4D21380166F2F2900D /* [CP] Check Pods Manifest.lock */ = {
			isa = PBXShellScriptBuildPhase;
			buildActionMask = 2147483647;
			files = (
			);
			inputFileListPaths = (
			);
			inputPaths = (
				"${PODS_PODFILE_DIR_PATH}/Podfile.lock",
				"${PODS_ROOT}/Manifest.lock",
			);
			name = "[CP] Check Pods Manifest.lock";
			outputFileListPaths = (
			);
			outputPaths = (
				"$(DERIVED_FILE_DIR)/Pods-TwitterSentimentAnalysis-checkManifestLockResult.txt",
			);
			runOnlyForDeploymentPostprocessing = 0;
			shellPath = /bin/sh;
			shellScript = "diff \"${PODS_PODFILE_DIR_PATH}/Podfile.lock\" \"${PODS_ROOT}/Manifest.lock\" > /dev/null\nif [ $? != 0 ] ; then\n    # print error to STDERR\n    echo \"error: The sandbox is not in sync with the Podfile.lock. Run 'pod install' or update your CocoaPods installation.\" >&2\n    exit 1\nfi\n# This output is used by Xcode 'outputs' to avoid re-running this script phase.\necho \"SUCCESS\" > \"${SCRIPT_OUTPUT_FILE_0}\"\n";
			showEnvVarsInLog = 0;
		};
		3FCB563317DAAA7808B18932 /* [CP] Embed Pods Frameworks */ = {
			isa = PBXShellScriptBuildPhase;
			buildActionMask = 2147483647;
			files = (
			);
			inputFileListPaths = (
			);
			inputPaths = (
				"${PODS_ROOT}/Target Support Files/Pods-TwitterSentimentAnalysis/Pods-TwitterSentimentAnalysis-frameworks.sh",
				"${BUILT_PRODUCTS_DIR}/SwiftyJSON/SwiftyJSON.framework",
			);
			name = "[CP] Embed Pods Frameworks";
			outputFileListPaths = (
			);
			outputPaths = (
				"${TARGET_BUILD_DIR}/${FRAMEWORKS_FOLDER_PATH}/SwiftyJSON.framework",
			);
			runOnlyForDeploymentPostprocessing = 0;
			shellPath = /bin/sh;
			shellScript = "\"${PODS_ROOT}/Target Support Files/Pods-TwitterSentimentAnalysis/Pods-TwitterSentimentAnalysis-frameworks.sh\"\n";
			showEnvVarsInLog = 0;
		};
/* End PBXShellScriptBuildPhase section */

/* Begin PBXSourcesBuildPhase section */
		B59691FE224BDE8A0023BAA6 /* Sources */ = {
			isa = PBXSourcesBuildPhase;
			buildActionMask = 2147483647;
			files = (
				B53344CF224CC5A500A40AFD /* TweetSentimentClassifier.mlmodel in Sources */,
				B5969208224BDE8A0023BAA6 /* ViewController.swift in Sources */,
				B5969206224BDE8A0023BAA6 /* AppDelegate.swift in Sources */,
			);
			runOnlyForDeploymentPostprocessing = 0;
		};
/* End PBXSourcesBuildPhase section */

/* Begin PBXTargetDependency section */
		B55F76B6224FFD18007DDA8A /* PBXTargetDependency */ = {
			isa = PBXTargetDependency;
			name = SwifteriOS;
			targetProxy = B55F76B5224FFD18007DDA8A /* PBXContainerItemProxy */;
		};
/* End PBXTargetDependency section */

/* Begin PBXVariantGroup section */
		B5969209224BDE8A0023BAA6 /* Main.storyboard */ = {
			isa = PBXVariantGroup;
			children = (
				B596920A224BDE8A0023BAA6 /* Base */,
			);
			name = Main.storyboard;
			sourceTree = "<group>";
		};
		B596920E224BDE8C0023BAA6 /* LaunchScreen.storyboard */ = {
			isa = PBXVariantGroup;
			children = (
				B596920F224BDE8C0023BAA6 /* Base */,
			);
			name = LaunchScreen.storyboard;
			sourceTree = "<group>";
		};
/* End PBXVariantGroup section */

/* Begin XCBuildConfiguration section */
		B5969212224BDE8C0023BAA6 /* Debug */ = {
			isa = XCBuildConfiguration;
			buildSettings = {
				ALWAYS_SEARCH_USER_PATHS = NO;
				CLANG_ANALYZER_NONNULL = YES;
				CLANG_ANALYZER_NUMBER_OBJECT_CONVERSION = YES_AGGRESSIVE;
				CLANG_CXX_LANGUAGE_STANDARD = "gnu++14";
				CLANG_CXX_LIBRARY = "libc++";
				CLANG_ENABLE_MODULES = YES;
				CLANG_ENABLE_OBJC_ARC = YES;
				CLANG_ENABLE_OBJC_WEAK = YES;
				CLANG_WARN_BLOCK_CAPTURE_AUTORELEASING = YES;
				CLANG_WARN_BOOL_CONVERSION = YES;
				CLANG_WARN_COMMA = YES;
				CLANG_WARN_CONSTANT_CONVERSION = YES;
				CLANG_WARN_DEPRECATED_OBJC_IMPLEMENTATIONS = YES;
				CLANG_WARN_DIRECT_OBJC_ISA_USAGE = YES_ERROR;
				CLANG_WARN_DOCUMENTATION_COMMENTS = YES;
				CLANG_WARN_EMPTY_BODY = YES;
				CLANG_WARN_ENUM_CONVERSION = YES;
				CLANG_WARN_INFINITE_RECURSION = YES;
				CLANG_WARN_INT_CONVERSION = YES;
				CLANG_WARN_NON_LITERAL_NULL_CONVERSION = YES;
				CLANG_WARN_OBJC_IMPLICIT_RETAIN_SELF = YES;
				CLANG_WARN_OBJC_LITERAL_CONVERSION = YES;
				CLANG_WARN_OBJC_ROOT_CLASS = YES_ERROR;
				CLANG_WARN_RANGE_LOOP_ANALYSIS = YES;
				CLANG_WARN_STRICT_PROTOTYPES = YES;
				CLANG_WARN_SUSPICIOUS_MOVE = YES;
				CLANG_WARN_UNGUARDED_AVAILABILITY = YES_AGGRESSIVE;
				CLANG_WARN_UNREACHABLE_CODE = YES;
				CLANG_WARN__DUPLICATE_METHOD_MATCH = YES;
				CODE_SIGN_IDENTITY = "iPhone Developer";
				COPY_PHASE_STRIP = NO;
				DEBUG_INFORMATION_FORMAT = dwarf;
				ENABLE_STRICT_OBJC_MSGSEND = YES;
				ENABLE_TESTABILITY = YES;
				GCC_C_LANGUAGE_STANDARD = gnu11;
				GCC_DYNAMIC_NO_PIC = NO;
				GCC_NO_COMMON_BLOCKS = YES;
				GCC_OPTIMIZATION_LEVEL = 0;
				GCC_PREPROCESSOR_DEFINITIONS = (
					"DEBUG=1",
					"$(inherited)",
				);
				GCC_WARN_64_TO_32_BIT_CONVERSION = YES;
				GCC_WARN_ABOUT_RETURN_TYPE = YES_ERROR;
				GCC_WARN_UNDECLARED_SELECTOR = YES;
				GCC_WARN_UNINITIALIZED_AUTOS = YES_AGGRESSIVE;
				GCC_WARN_UNUSED_FUNCTION = YES;
				GCC_WARN_UNUSED_VARIABLE = YES;
				IPHONEOS_DEPLOYMENT_TARGET = 12.2;
				MTL_ENABLE_DEBUG_INFO = INCLUDE_SOURCE;
				MTL_FAST_MATH = YES;
				ONLY_ACTIVE_ARCH = YES;
				SDKROOT = iphoneos;
				SWIFT_ACTIVE_COMPILATION_CONDITIONS = DEBUG;
				SWIFT_OPTIMIZATION_LEVEL = "-Onone";
			};
			name = Debug;
		};
		B5969213224BDE8C0023BAA6 /* Release */ = {
			isa = XCBuildConfiguration;
			buildSettings = {
				ALWAYS_SEARCH_USER_PATHS = NO;
				CLANG_ANALYZER_NONNULL = YES;
				CLANG_ANALYZER_NUMBER_OBJECT_CONVERSION = YES_AGGRESSIVE;
				CLANG_CXX_LANGUAGE_STANDARD = "gnu++14";
				CLANG_CXX_LIBRARY = "libc++";
				CLANG_ENABLE_MODULES = YES;
				CLANG_ENABLE_OBJC_ARC = YES;
				CLANG_ENABLE_OBJC_WEAK = YES;
				CLANG_WARN_BLOCK_CAPTURE_AUTORELEASING = YES;
				CLANG_WARN_BOOL_CONVERSION = YES;
				CLANG_WARN_COMMA = YES;
				CLANG_WARN_CONSTANT_CONVERSION = YES;
				CLANG_WARN_DEPRECATED_OBJC_IMPLEMENTATIONS = YES;
				CLANG_WARN_DIRECT_OBJC_ISA_USAGE = YES_ERROR;
				CLANG_WARN_DOCUMENTATION_COMMENTS = YES;
				CLANG_WARN_EMPTY_BODY = YES;
				CLANG_WARN_ENUM_CONVERSION = YES;
				CLANG_WARN_INFINITE_RECURSION = YES;
				CLANG_WARN_INT_CONVERSION = YES;
				CLANG_WARN_NON_LITERAL_NULL_CONVERSION = YES;
				CLANG_WARN_OBJC_IMPLICIT_RETAIN_SELF = YES;
				CLANG_WARN_OBJC_LITERAL_CONVERSION = YES;
				CLANG_WARN_OBJC_ROOT_CLASS = YES_ERROR;
				CLANG_WARN_RANGE_LOOP_ANALYSIS = YES;
				CLANG_WARN_STRICT_PROTOTYPES = YES;
				CLANG_WARN_SUSPICIOUS_MOVE = YES;
				CLANG_WARN_UNGUARDED_AVAILABILITY = YES_AGGRESSIVE;
				CLANG_WARN_UNREACHABLE_CODE = YES;
				CLANG_WARN__DUPLICATE_METHOD_MATCH = YES;
				CODE_SIGN_IDENTITY = "iPhone Developer";
				COPY_PHASE_STRIP = NO;
				DEBUG_INFORMATION_FORMAT = "dwarf-with-dsym";
				ENABLE_NS_ASSERTIONS = NO;
				ENABLE_STRICT_OBJC_MSGSEND = YES;
				GCC_C_LANGUAGE_STANDARD = gnu11;
				GCC_NO_COMMON_BLOCKS = YES;
				GCC_WARN_64_TO_32_BIT_CONVERSION = YES;
				GCC_WARN_ABOUT_RETURN_TYPE = YES_ERROR;
				GCC_WARN_UNDECLARED_SELECTOR = YES;
				GCC_WARN_UNINITIALIZED_AUTOS = YES_AGGRESSIVE;
				GCC_WARN_UNUSED_FUNCTION = YES;
				GCC_WARN_UNUSED_VARIABLE = YES;
				IPHONEOS_DEPLOYMENT_TARGET = 12.2;
				MTL_ENABLE_DEBUG_INFO = NO;
				MTL_FAST_MATH = YES;
				SDKROOT = iphoneos;
				SWIFT_COMPILATION_MODE = wholemodule;
				SWIFT_OPTIMIZATION_LEVEL = "-O";
				VALIDATE_PRODUCT = YES;
			};
			name = Release;
		};
		B5969215224BDE8C0023BAA6 /* Debug */ = {
			isa = XCBuildConfiguration;
			baseConfigurationReference = 1751D58B62734C56FF1F8FD3 /* Pods-TwitterSentimentAnalysis.debug.xcconfig */;
			buildSettings = {
				ALWAYS_EMBED_SWIFT_STANDARD_LIBRARIES = YES;
				ASSETCATALOG_COMPILER_APPICON_NAME = AppIcon;
				CODE_SIGN_STYLE = Automatic;
				DEVELOPMENT_TEAM = FZZ457X95J;
				INFOPLIST_FILE = TwitterSentimentAnalysis/Info.plist;
				LD_RUNPATH_SEARCH_PATHS = (
					"$(inherited)",
					"@executable_path/Frameworks",
				);
				PRODUCT_BUNDLE_IDENTIFIER = com.grahovsky.TwitterSentimentAnalysis;
				PRODUCT_NAME = "$(TARGET_NAME)";
				SWIFT_VERSION = 5.0;
				TARGETED_DEVICE_FAMILY = 1;
			};
			name = Debug;
		};
		B5969216224BDE8C0023BAA6 /* Release */ = {
			isa = XCBuildConfiguration;
			baseConfigurationReference = CC17AEEE6B088EF832174990 /* Pods-TwitterSentimentAnalysis.release.xcconfig */;
			buildSettings = {
				ALWAYS_EMBED_SWIFT_STANDARD_LIBRARIES = YES;
				ASSETCATALOG_COMPILER_APPICON_NAME = AppIcon;
				CODE_SIGN_STYLE = Automatic;
				DEVELOPMENT_TEAM = FZZ457X95J;
				INFOPLIST_FILE = TwitterSentimentAnalysis/Info.plist;
				LD_RUNPATH_SEARCH_PATHS = (
					"$(inherited)",
					"@executable_path/Frameworks",
				);
				PRODUCT_BUNDLE_IDENTIFIER = com.grahovsky.TwitterSentimentAnalysis;
				PRODUCT_NAME = "$(TARGET_NAME)";
				SWIFT_VERSION = 5.0;
				TARGETED_DEVICE_FAMILY = 1;
			};
			name = Release;
		};
/* End XCBuildConfiguration section */

/* Begin XCConfigurationList section */
		B59691FD224BDE890023BAA6 /* Build configuration list for PBXProject "TwitterSentimentAnalysis" */ = {
			isa = XCConfigurationList;
			buildConfigurations = (
				B5969212224BDE8C0023BAA6 /* Debug */,
				B5969213224BDE8C0023BAA6 /* Release */,
			);
			defaultConfigurationIsVisible = 0;
			defaultConfigurationName = Release;
		};
		B5969214224BDE8C0023BAA6 /* Build configuration list for PBXNativeTarget "TwitterSentimentAnalysis" */ = {
			isa = XCConfigurationList;
			buildConfigurations = (
				B5969215224BDE8C0023BAA6 /* Debug */,
				B5969216224BDE8C0023BAA6 /* Release */,
			);
			defaultConfigurationIsVisible = 0;
			defaultConfigurationName = Release;
		};
/* End XCConfigurationList section */
	};
	rootObject = B59691FA224BDE890023BAA6 /* Project object */;
}
